
Microsoft Visual Studio Solution File, Format Version 12.00
# Visual Studio Version 16
VisualStudioVersion = 16.0.31205.134
MinimumVisualStudioVersion = 10.0.40219.1
Project("{FAE04EC0-301F-11D3-BF4B-00C04F79EFBC}") = "UserRegWithAngularInNetCoreWebApi", "UserRegWithAngularInNetCoreWebApi.csproj", "{1A5FDAF0-953E-4981-93AC-9D8C737ECC1B}"
EndProject
Global
	GlobalSection(SolutionConfigurationPlatforms) = preSolution
		Debug|Any CPU = Debug|Any CPU
		Release|Any CPU = Release|Any CPU
	EndGlobalSection
	GlobalSection(ProjectConfigurationPlatforms) = postSolution
		{1A5FDAF0-953E-4981-93AC-9D8C737ECC1B}.Debug|Any CPU.ActiveCfg = Debug|Any CPU
		{1A5FDAF0-953E-4981-93AC-9D8C737ECC1B}.Debug|Any CPU.Build.0 = Debug|Any CPU
		{1A5FDAF0-953E-4981-93AC-9D8C737ECC1B}.Release|Any CPU.ActiveCfg = Release|Any CPU
		{1A5FDAF0-953E-4981-93AC-9D8C737ECC1B}.Release|Any CPU.Build.0 = Release|Any CPU
	EndGlobalSection
	GlobalSection(SolutionProperties) = preSolution
		HideSolutionNode = FALSE
	EndGlobalSection
	GlobalSection(ExtensibilityGlobals) = postSolution
		SolutionGuid = {FE3BD246-F69B-4402-819F-3043D8CB9C08}
	EndGlobalSection
EndGlobal
